// !$*UTF8*$!
{
	archiveVersion = 1;
	classes = {
	};
	objectVersion = 77;
	objects = {

/* Begin PBXBuildFile section */
		0428DEAC804FB2FCD2285E6E /* ocean-light.json in Resources */ = {isa = PBXBuildFile; fileRef = 2A78F6D08450A43684299A05 /* ocean-light.json */; };
		063221F80851C1FDC5A9257C /* atlas_lookup_vol2_2026.json in Resources */ = {isa = PBXBuildFile; fileRef = FD04BD2129588FF977B70226 /* atlas_lookup_vol2_2026.json */; };
		086279564982225F48B141F0 /* SettingsView.swift in Sources */ = {isa = PBXBuildFile; fileRef = 190464A173F749BB0A3B786E /* SettingsView.swift */; };
		08E5BFDB78B9E55E1DA9E61D /* MapStyleLoader.swift in Sources */ = {isa = PBXBuildFile; fileRef = AA074DF096B9F67F83B4959E /* MapStyleLoader.swift */; };
		1D5038B1FFB6DE1A54FE8E25 /* MapViewModel.swift in Sources */ = {isa = PBXBuildFile; fileRef = 9F6AC464A41AEC5AA01D5BB8 /* MapViewModel.swift */; };
		1F1918795868670251164A0C /* ContentView.swift in Sources */ = {isa = PBXBuildFile; fileRef = FC4BE54595E9CB5FA8F715B3 /* ContentView.swift */; };
		23763E8BE56345AE4D3C891E /* atlas_index_vol4.json in Resources */ = {isa = PBXBuildFile; fileRef = 83BD3EE7B3E3404AA899666B /* atlas_index_vol4.json */; };
		2661E10F8D3818C0463D0501 /* standard-dark.json in Resources */ = {isa = PBXBuildFile; fileRef = 529E7D505F4A804C9AC32942 /* standard-dark.json */; };
		2872EC1D5D05AB899A667652 /* AtlasVolume.swift in Sources */ = {isa = PBXBuildFile; fileRef = 34E23098B238D68AE7C4E0CA /* AtlasVolume.swift */; };
		28CEED760DB3C36FC29C60ED /* PhaseIndicatorView.swift in Sources */ = {isa = PBXBuildFile; fileRef = BF78D89E101E6B88EB6D487E /* PhaseIndicatorView.swift */; };
		2C6DCF8F97E181783A106DBC /* VectorDatabase.swift in Sources */ = {isa = PBXBuildFile; fileRef = A89FE39742D2A11DF361182D /* VectorDatabase.swift */; };
		3002DAB5B09EDAE4506050FB /* atlas_lookup_2026.json in Resources */ = {isa = PBXBuildFile; fileRef = 1E2E5511446438A2D163BF38 /* atlas_lookup_2026.json */; };
		41162347ABE1FEA0F4DD421B /* atlas_index_vol2.json in Resources */ = {isa = PBXBuildFile; fileRef = EA075EE14D6DD086954E95E5 /* atlas_index_vol2.json */; };
		5447EAD323169BC3E88B2FF6 /* DatabaseMigrator.swift in Sources */ = {isa = PBXBuildFile; fileRef = 9F7E80F4511F77B96813E4D3 /* DatabaseMigrator.swift */; };
		5634D37C27B06326BEB8F192 /* AtlasIndex.swift in Sources */ = {isa = PBXBuildFile; fileRef = 89B5A3FF117EF3148984AFA7 /* AtlasIndex.swift */; };
		570A422AFA165A8582E8CC3E /* CurrentVector.swift in Sources */ = {isa = PBXBuildFile; fileRef = B534466B629735C3AFD88226 /* CurrentVector.swift */; };
		5DB2319BABC9FB829D843F6A /* TideChartView.swift in Sources */ = {isa = PBXBuildFile; fileRef = E02E5CB168CDB0660201216E /* TideChartView.swift */; };
		5FECA4D7D218CCCFA6B36A93 /* AppSettings.swift in Sources */ = {isa = PBXBuildFile; fileRef = 3DDA2FAF2D0189860F478A7C /* AppSettings.swift */; };
		674193FB48B28EB47DDE9EF9 /* MapLibreView.swift in Sources */ = {isa = PBXBuildFile; fileRef = 705E9152F8BEA1FA75608D3F /* MapLibreView.swift */; };
		8892B94C18ABFFDE44949FD5 /* atlas_index_vol3.json in Resources */ = {isa = PBXBuildFile; fileRef = 1F71279AD0BA5885E48ABD65 /* atlas_index_vol3.json */; };
		8A09E69E3A83AA62722D3822 /* ocean-dark.json in Resources */ = {isa = PBXBuildFile; fileRef = 29431B00732877DA2E615BF3 /* ocean-dark.json */; };
		9CEBBFBDEB99CD300FC775BF /* TideDatabase.swift in Sources */ = {isa = PBXBuildFile; fileRef = D25E37F6E08BDAD0D7CB5885 /* TideDatabase.swift */; };
		A14E261EEF019763C5C3ED1C /* GRDB in Frameworks */ = {isa = PBXBuildFile; productRef = 4C2D431933E482A18FCC18F9 /* GRDB */; };
		A5343BB0E832A96634DF63E2 /* satellite.json in Resources */ = {isa = PBXBuildFile; fileRef = 632144FBBD0ECA8853896747 /* satellite.json */; };
		A5373274BBC15D93DDE7A47B /* Basemap.swift in Sources */ = {isa = PBXBuildFile; fileRef = 6E351A5A0241F5F0CB272A0D /* Basemap.swift */; };
		B3E0A98667446BD785E78FBB /* DesignTokens.swift in Sources */ = {isa = PBXBuildFile; fileRef = 808EEF6FA5FE567E488AA3D5 /* DesignTokens.swift */; };
		C768CFA66D7E07064485173C /* NetworkMonitor.swift in Sources */ = {isa = PBXBuildFile; fileRef = D191057D343E390CB41EAF3B /* NetworkMonitor.swift */; };
		CC1DE4A9F7C994DD5459CB22 /* TapeSliderView.swift in Sources */ = {isa = PBXBuildFile; fileRef = 28E631FED305377F6178516B /* TapeSliderView.swift */; };
		CD10BDF599A8B4DC91FC583E /* TideStation.swift in Sources */ = {isa = PBXBuildFile; fileRef = 6EE458C039CC8A1CCE1AD9D9 /* TideStation.swift */; };
		D02F6CEBAD38ED7BCD07D911 /* MapLibre in Frameworks */ = {isa = PBXBuildFile; productRef = 42B0127065AEDC608BD0C4A4 /* MapLibre */; };
		D14AD78CBA4B0066C42F056B /* atlas_lookup_vol4_2026.json in Resources */ = {isa = PBXBuildFile; fileRef = 2DB51EF67918D47D54D0733D /* atlas_lookup_vol4_2026.json */; };
		DB1DA594128D65FAE7F67967 /* standard-light.json in Resources */ = {isa = PBXBuildFile; fileRef = 727BC113893557DFF4A9C2AF /* standard-light.json */; };
		DEEA37D4F253B7A4E151C3EB /* AtlasLookupTable.swift in Sources */ = {isa = PBXBuildFile; fileRef = 33F90FC333D8D0174AF1A089 /* AtlasLookupTable.swift */; };
		E1217A140CE89A8A73B3C4A6 /* TimelineControlView.swift in Sources */ = {isa = PBXBuildFile; fileRef = B460FF242F858B027A672B40 /* TimelineControlView.swift */; };
		E6FE100509920528EC7D2D3D /* CurrentSpeedView.swift in Sources */ = {isa = PBXBuildFile; fileRef = FF9286BF11F407E9F9851157 /* CurrentSpeedView.swift */; };
		F743BEB1EA6645CE4C8D41E9 /* atlas_index.json in Resources */ = {isa = PBXBuildFile; fileRef = F4B415D45980FEC40DFF87CB /* atlas_index.json */; };
		FB3737835F764AD3A85B61BE /* SalishTidesApp.swift in Sources */ = {isa = PBXBuildFile; fileRef = 6F8AC975A9DE6B660C38E780 /* SalishTidesApp.swift */; };
/* End PBXBuildFile section */

/* Begin PBXFileReference section */
		190464A173F749BB0A3B786E /* SettingsView.swift */ = {isa = PBXFileReference; lastKnownFileType = sourcecode.swift; path = SettingsView.swift; sourceTree = "<group>"; };
		1E2E5511446438A2D163BF38 /* atlas_lookup_2026.json */ = {isa = PBXFileReference; lastKnownFileType = text.json; path = atlas_lookup_2026.json; sourceTree = "<group>"; };
		1F71279AD0BA5885E48ABD65 /* atlas_index_vol3.json */ = {isa = PBXFileReference; lastKnownFileType = text.json; path = atlas_index_vol3.json; sourceTree = "<group>"; };
		28E631FED305377F6178516B /* TapeSliderView.swift */ = {isa = PBXFileReference; lastKnownFileType = sourcecode.swift; path = TapeSliderView.swift; sourceTree = "<group>"; };
		29431B00732877DA2E615BF3 /* ocean-dark.json */ = {isa = PBXFileReference; lastKnownFileType = text.json; path = "ocean-dark.json"; sourceTree = "<group>"; };
		2A78F6D08450A43684299A05 /* ocean-light.json */ = {isa = PBXFileReference; lastKnownFileType = text.json; path = "ocean-light.json"; sourceTree = "<group>"; };
		2DB51EF67918D47D54D0733D /* atlas_lookup_vol4_2026.json */ = {isa = PBXFileReference; lastKnownFileType = text.json; path = atlas_lookup_vol4_2026.json; sourceTree = "<group>"; };
		33F90FC333D8D0174AF1A089 /* AtlasLookupTable.swift */ = {isa = PBXFileReference; lastKnownFileType = sourcecode.swift; path = AtlasLookupTable.swift; sourceTree = "<group>"; };
		34E23098B238D68AE7C4E0CA /* AtlasVolume.swift */ = {isa = PBXFileReference; lastKnownFileType = sourcecode.swift; path = AtlasVolume.swift; sourceTree = "<group>"; };
		3DDA2FAF2D0189860F478A7C /* AppSettings.swift */ = {isa = PBXFileReference; lastKnownFileType = sourcecode.swift; path = AppSettings.swift; sourceTree = "<group>"; };
		4FA576D80059DF72E4354E26 /* Info.plist */ = {isa = PBXFileReference; lastKnownFileType = text.plist; path = Info.plist; sourceTree = "<group>"; };
		529E7D505F4A804C9AC32942 /* standard-dark.json */ = {isa = PBXFileReference; lastKnownFileType = text.json; path = "standard-dark.json"; sourceTree = "<group>"; };
		57507473C7B77D54DECBB9A0 /* Base.xcconfig */ = {isa = PBXFileReference; lastKnownFileType = text.xcconfig; path = Base.xcconfig; sourceTree = "<group>"; };
		632144FBBD0ECA8853896747 /* satellite.json */ = {isa = PBXFileReference; lastKnownFileType = text.json; path = satellite.json; sourceTree = "<group>"; };
		6E351A5A0241F5F0CB272A0D /* Basemap.swift */ = {isa = PBXFileReference; lastKnownFileType = sourcecode.swift; path = Basemap.swift; sourceTree = "<group>"; };
		6EE458C039CC8A1CCE1AD9D9 /* TideStation.swift */ = {isa = PBXFileReference; lastKnownFileType = sourcecode.swift; path = TideStation.swift; sourceTree = "<group>"; };
		6F8AC975A9DE6B660C38E780 /* SalishTidesApp.swift */ = {isa = PBXFileReference; lastKnownFileType = sourcecode.swift; path = SalishTidesApp.swift; sourceTree = "<group>"; };
		705E9152F8BEA1FA75608D3F /* MapLibreView.swift */ = {isa = PBXFileReference; lastKnownFileType = sourcecode.swift; path = MapLibreView.swift; sourceTree = "<group>"; };
		727BC113893557DFF4A9C2AF /* standard-light.json */ = {isa = PBXFileReference; lastKnownFileType = text.json; path = "standard-light.json"; sourceTree = "<group>"; };
		7DFE8DC52452666E434AA9D7 /* SalishTides.app */ = {isa = PBXFileReference; includeInIndex = 0; lastKnownFileType = wrapper.application; path = SalishTides.app; sourceTree = BUILT_PRODUCTS_DIR; };
		808EEF6FA5FE567E488AA3D5 /* DesignTokens.swift */ = {isa = PBXFileReference; lastKnownFileType = sourcecode.swift; path = DesignTokens.swift; sourceTree = "<group>"; };
		83BD3EE7B3E3404AA899666B /* atlas_index_vol4.json */ = {isa = PBXFileReference; lastKnownFileType = text.json; path = atlas_index_vol4.json; sourceTree = "<group>"; };
		89B5A3FF117EF3148984AFA7 /* AtlasIndex.swift */ = {isa = PBXFileReference; lastKnownFileType = sourcecode.swift; path = AtlasIndex.swift; sourceTree = "<group>"; };
		9F6AC464A41AEC5AA01D5BB8 /* MapViewModel.swift */ = {isa = PBXFileReference; lastKnownFileType = sourcecode.swift; path = MapViewModel.swift; sourceTree = "<group>"; };
		9F7E80F4511F77B96813E4D3 /* DatabaseMigrator.swift */ = {isa = PBXFileReference; lastKnownFileType = sourcecode.swift; path = DatabaseMigrator.swift; sourceTree = "<group>"; };
		A89FE39742D2A11DF361182D /* VectorDatabase.swift */ = {isa = PBXFileReference; lastKnownFileType = sourcecode.swift; path = VectorDatabase.swift; sourceTree = "<group>"; };
		AA074DF096B9F67F83B4959E /* MapStyleLoader.swift */ = {isa = PBXFileReference; lastKnownFileType = sourcecode.swift; path = MapStyleLoader.swift; sourceTree = "<group>"; };
		B460FF242F858B027A672B40 /* TimelineControlView.swift */ = {isa = PBXFileReference; lastKnownFileType = sourcecode.swift; path = TimelineControlView.swift; sourceTree = "<group>"; };
		B534466B629735C3AFD88226 /* CurrentVector.swift */ = {isa = PBXFileReference; lastKnownFileType = sourcecode.swift; path = CurrentVector.swift; sourceTree = "<group>"; };
		BF78D89E101E6B88EB6D487E /* PhaseIndicatorView.swift */ = {isa = PBXFileReference; lastKnownFileType = sourcecode.swift; path = PhaseIndicatorView.swift; sourceTree = "<group>"; };
		D191057D343E390CB41EAF3B /* NetworkMonitor.swift */ = {isa = PBXFileReference; lastKnownFileType = sourcecode.swift; path = NetworkMonitor.swift; sourceTree = "<group>"; };
		D25E37F6E08BDAD0D7CB5885 /* TideDatabase.swift */ = {isa = PBXFileReference; lastKnownFileType = sourcecode.swift; path = TideDatabase.swift; sourceTree = "<group>"; };
		E02E5CB168CDB0660201216E /* TideChartView.swift */ = {isa = PBXFileReference; lastKnownFileType = sourcecode.swift; path = TideChartView.swift; sourceTree = "<group>"; };
		EA075EE14D6DD086954E95E5 /* atlas_index_vol2.json */ = {isa = PBXFileReference; lastKnownFileType = text.json; path = atlas_index_vol2.json; sourceTree = "<group>"; };
		F4B415D45980FEC40DFF87CB /* atlas_index.json */ = {isa = PBXFileReference; lastKnownFileType = text.json; path = atlas_index.json; sourceTree = "<group>"; };
		FC4BE54595E9CB5FA8F715B3 /* ContentView.swift */ = {isa = PBXFileReference; lastKnownFileType = sourcecode.swift; path = ContentView.swift; sourceTree = "<group>"; };
		FD04BD2129588FF977B70226 /* atlas_lookup_vol2_2026.json */ = {isa = PBXFileReference; lastKnownFileType = text.json; path = atlas_lookup_vol2_2026.json; sourceTree = "<group>"; };
		FF9286BF11F407E9F9851157 /* CurrentSpeedView.swift */ = {isa = PBXFileReference; lastKnownFileType = sourcecode.swift; path = CurrentSpeedView.swift; sourceTree = "<group>"; };
/* End PBXFileReference section */

/* Begin PBXFrameworksBuildPhase section */
		FE001210605216201D7C4ADE /* Frameworks */ = {
			isa = PBXFrameworksBuildPhase;
			buildActionMask = 2147483647;
			files = (
				D02F6CEBAD38ED7BCD07D911 /* MapLibre in Frameworks */,
				A14E261EEF019763C5C3ED1C /* GRDB in Frameworks */,
			);
			runOnlyForDeploymentPostprocessing = 0;
		};
/* End PBXFrameworksBuildPhase section */

/* Begin PBXGroup section */
		16C9E634679F3B0C6D0C972E /* Design */ = {
			isa = PBXGroup;
			children = (
				808EEF6FA5FE567E488AA3D5 /* DesignTokens.swift */,
			);
			path = Design;
			sourceTree = "<group>";
		};
		3CC21B606D8F40553D4E2E75 /* App */ = {
			isa = PBXGroup;
			children = (
				FC4BE54595E9CB5FA8F715B3 /* ContentView.swift */,
				6F8AC975A9DE6B660C38E780 /* SalishTidesApp.swift */,
			);
			path = App;
			sourceTree = "<group>";
		};
		489D3086E0E1A69D40C4993B /* Products */ = {
			isa = PBXGroup;
			children = (
				7DFE8DC52452666E434AA9D7 /* SalishTides.app */,
			);
			name = Products;
			sourceTree = "<group>";
		};
		496B88DF779A28478CDB2D85 /* styles */ = {
			isa = PBXGroup;
			children = (
				29431B00732877DA2E615BF3 /* ocean-dark.json */,
				2A78F6D08450A43684299A05 /* ocean-light.json */,
				632144FBBD0ECA8853896747 /* satellite.json */,
			);
			path = styles;
			sourceTree = "<group>";
		};
		55010ED328A3C0DF7CF2AFA3 /* Data */ = {
			isa = PBXGroup;
			children = (
				9F7E80F4511F77B96813E4D3 /* DatabaseMigrator.swift */,
				D25E37F6E08BDAD0D7CB5885 /* TideDatabase.swift */,
				A89FE39742D2A11DF361182D /* VectorDatabase.swift */,
			);
			path = Data;
			sourceTree = "<group>";
		};
		567AE6C212DBB6EB37BD5C84 /* SalishTides */ = {
			isa = PBXGroup;
			children = (
				4FA576D80059DF72E4354E26 /* Info.plist */,
				3CC21B606D8F40553D4E2E75 /* App */,
				55010ED328A3C0DF7CF2AFA3 /* Data */,
				16C9E634679F3B0C6D0C972E /* Design */,
				CFBFD2D1DC00ECC2742C993C /* Map */,
				693706F656AA1A42BF6E26E8 /* Models */,
				6E171FC31CA52259AEEECA2B /* Resources */,
				C76E68BB3E5E5D16F68A50C0 /* ViewModels */,
				795C560FDDE5EFE82BA7550C /* Views */,
			);
			path = SalishTides;
			sourceTree = "<group>";
		};
		6876E2B896F5398AAAA4F185 = {
			isa = PBXGroup;
			children = (
				E2308F46423DFC35F3FF6F86 /* Config */,
				567AE6C212DBB6EB37BD5C84 /* SalishTides */,
				489D3086E0E1A69D40C4993B /* Products */,
			);
			sourceTree = "<group>";
		};
		693706F656AA1A42BF6E26E8 /* Models */ = {
			isa = PBXGroup;
			children = (
				3DDA2FAF2D0189860F478A7C /* AppSettings.swift */,
				89B5A3FF117EF3148984AFA7 /* AtlasIndex.swift */,
				33F90FC333D8D0174AF1A089 /* AtlasLookupTable.swift */,
				34E23098B238D68AE7C4E0CA /* AtlasVolume.swift */,
				B534466B629735C3AFD88226 /* CurrentVector.swift */,
				D191057D343E390CB41EAF3B /* NetworkMonitor.swift */,
				6EE458C039CC8A1CCE1AD9D9 /* TideStation.swift */,
			);
			path = Models;
			sourceTree = "<group>";
		};
		6E171FC31CA52259AEEECA2B /* Resources */ = {
			isa = PBXGroup;
			children = (
				EA075EE14D6DD086954E95E5 /* atlas_index_vol2.json */,
				1F71279AD0BA5885E48ABD65 /* atlas_index_vol3.json */,
				83BD3EE7B3E3404AA899666B /* atlas_index_vol4.json */,
				F4B415D45980FEC40DFF87CB /* atlas_index.json */,
				1E2E5511446438A2D163BF38 /* atlas_lookup_2026.json */,
				FD04BD2129588FF977B70226 /* atlas_lookup_vol2_2026.json */,
				2DB51EF67918D47D54D0733D /* atlas_lookup_vol4_2026.json */,
				529E7D505F4A804C9AC32942 /* standard-dark.json */,
				727BC113893557DFF4A9C2AF /* standard-light.json */,
				496B88DF779A28478CDB2D85 /* styles */,
			);
			path = Resources;
			sourceTree = "<group>";
		};
		795C560FDDE5EFE82BA7550C /* Views */ = {
			isa = PBXGroup;
			children = (
				FF9286BF11F407E9F9851157 /* CurrentSpeedView.swift */,
				BF78D89E101E6B88EB6D487E /* PhaseIndicatorView.swift */,
				190464A173F749BB0A3B786E /* SettingsView.swift */,
				28E631FED305377F6178516B /* TapeSliderView.swift */,
				E02E5CB168CDB0660201216E /* TideChartView.swift */,
				B460FF242F858B027A672B40 /* TimelineControlView.swift */,
			);
			path = Views;
			sourceTree = "<group>";
		};
		C76E68BB3E5E5D16F68A50C0 /* ViewModels */ = {
			isa = PBXGroup;
			children = (
				9F6AC464A41AEC5AA01D5BB8 /* MapViewModel.swift */,
			);
			path = ViewModels;
			sourceTree = "<group>";
		};
		CFBFD2D1DC00ECC2742C993C /* Map */ = {
			isa = PBXGroup;
			children = (
				6E351A5A0241F5F0CB272A0D /* Basemap.swift */,
				705E9152F8BEA1FA75608D3F /* MapLibreView.swift */,
				AA074DF096B9F67F83B4959E /* MapStyleLoader.swift */,
			);
			path = Map;
			sourceTree = "<group>";
		};
		E2308F46423DFC35F3FF6F86 /* Config */ = {
			isa = PBXGroup;
			children = (
				57507473C7B77D54DECBB9A0 /* Base.xcconfig */,
			);
			path = Config;
			sourceTree = "<group>";
		};
/* End PBXGroup section */

/* Begin PBXNativeTarget section */
		B6FEA7A93754ADA91290175B /* SalishTides */ = {
			isa = PBXNativeTarget;
			buildConfigurationList = 8575428EF2A78E290EEA9680 /* Build configuration list for PBXNativeTarget "SalishTides" */;
			buildPhases = (
				9BDD1F1214470AF2D4482414 /* Sources */,
				AA5EDD245E5AB350F7B0943C /* Resources */,
				FE001210605216201D7C4ADE /* Frameworks */,
				AD44E58733B95162BE781135 /* Copy Atlas & Tide Data */,
			);
			buildRules = (
			);
			dependencies = (
			);
			name = SalishTides;
			packageProductDependencies = (
				42B0127065AEDC608BD0C4A4 /* MapLibre */,
				4C2D431933E482A18FCC18F9 /* GRDB */,
			);
			productName = SalishTides;
			productReference = 7DFE8DC52452666E434AA9D7 /* SalishTides.app */;
			productType = "com.apple.product-type.application";
		};
/* End PBXNativeTarget section */

/* Begin PBXProject section */
		F4959EB4292F86D3213CE493 /* Project object */ = {
			isa = PBXProject;
			attributes = {
				BuildIndependentTargetsInParallel = YES;
				LastUpgradeCheck = 1430;
				TargetAttributes = {
				};
			};
			buildConfigurationList = 35C091A80D4474BB2BB1646A /* Build configuration list for PBXProject "SalishTides" */;
			developmentRegion = en;
			hasScannedForEncodings = 0;
			knownRegions = (
				Base,
				en,
			);
			mainGroup = 6876E2B896F5398AAAA4F185;
			minimizedProjectReferenceProxies = 1;
			packageReferences = (
				C7344A304C88DDAC69D5686D /* XCRemoteSwiftPackageReference "GRDB.swift" */,
				6693D0D8681A53917A378B5F /* XCRemoteSwiftPackageReference "maplibre-gl-native-distribution" */,
			);
			preferredProjectObjectVersion = 77;
			productRefGroup = 489D3086E0E1A69D40C4993B /* Products */;
			projectDirPath = "";
			projectRoot = "";
			targets = (
				B6FEA7A93754ADA91290175B /* SalishTides */,
			);
		};
/* End PBXProject section */

/* Begin PBXResourcesBuildPhase section */
		AA5EDD245E5AB350F7B0943C /* Resources */ = {
			isa = PBXResourcesBuildPhase;
			buildActionMask = 2147483647;
			files = (
				F743BEB1EA6645CE4C8D41E9 /* atlas_index.json in Resources */,
				41162347ABE1FEA0F4DD421B /* atlas_index_vol2.json in Resources */,
				8892B94C18ABFFDE44949FD5 /* atlas_index_vol3.json in Resources */,
				23763E8BE56345AE4D3C891E /* atlas_index_vol4.json in Resources */,
				3002DAB5B09EDAE4506050FB /* atlas_lookup_2026.json in Resources */,
				063221F80851C1FDC5A9257C /* atlas_lookup_vol2_2026.json in Resources */,
				D14AD78CBA4B0066C42F056B /* atlas_lookup_vol4_2026.json in Resources */,
				8A09E69E3A83AA62722D3822 /* ocean-dark.json in Resources */,
				0428DEAC804FB2FCD2285E6E /* ocean-light.json in Resources */,
				A5343BB0E832A96634DF63E2 /* satellite.json in Resources */,
				2661E10F8D3818C0463D0501 /* standard-dark.json in Resources */,
				DB1DA594128D65FAE7F67967 /* standard-light.json in Resources */,
			);
			runOnlyForDeploymentPostprocessing = 0;
		};
/* End PBXResourcesBuildPhase section */

/* Begin PBXShellScriptBuildPhase section */
		AD44E58733B95162BE781135 /* Copy Atlas & Tide Data */ = {
			isa = PBXShellScriptBuildPhase;
			buildActionMask = 2147483647;
			files = (
			);
			inputFileListPaths = (
			);
			inputPaths = (
			);
			name = "Copy Atlas & Tide Data";
			outputFileListPaths = (
			);
			outputPaths = (
			);
			runOnlyForDeploymentPostprocessing = 0;
			shellPath = /bin/sh;
			shellScript = "for VOL in maps maps_vol2 maps_vol3 maps_vol4; do\n  DEST=\"${BUILT_PRODUCTS_DIR}/${UNLOCALIZED_RESOURCES_FOLDER_PATH}/${VOL}\"\n  mkdir -p \"$DEST\"\n  rsync -a --delete \"${SRCROOT}/data/${VOL}/\" \"$DEST/\"\ndone\n# Tide-prediction bundle (single JSON, lives under tides/)\nTIDE_DEST=\"${BUILT_PRODUCTS_DIR}/${UNLOCALIZED_RESOURCES_FOLDER_PATH}/tides\"\nmkdir -p \"$TIDE_DEST\"\nrsync -a --delete \"${SRCROOT}/data/tides/\" \"$TIDE_DEST/\"\n";
		};
/* End PBXShellScriptBuildPhase section */

/* Begin PBXSourcesBuildPhase section */
		9BDD1F1214470AF2D4482414 /* Sources */ = {
			isa = PBXSourcesBuildPhase;
			buildActionMask = 2147483647;
			files = (
				5FECA4D7D218CCCFA6B36A93 /* AppSettings.swift in Sources */,
				5634D37C27B06326BEB8F192 /* AtlasIndex.swift in Sources */,
				DEEA37D4F253B7A4E151C3EB /* AtlasLookupTable.swift in Sources */,
				2872EC1D5D05AB899A667652 /* AtlasVolume.swift in Sources */,
				A5373274BBC15D93DDE7A47B /* Basemap.swift in Sources */,
				1F1918795868670251164A0C /* ContentView.swift in Sources */,
				E6FE100509920528EC7D2D3D /* CurrentSpeedView.swift in Sources */,
				570A422AFA165A8582E8CC3E /* CurrentVector.swift in Sources */,
				5447EAD323169BC3E88B2FF6 /* DatabaseMigrator.swift in Sources */,
				B3E0A98667446BD785E78FBB /* DesignTokens.swift in Sources */,
				674193FB48B28EB47DDE9EF9 /* MapLibreView.swift in Sources */,
				08E5BFDB78B9E55E1DA9E61D /* MapStyleLoader.swift in Sources */,
				1D5038B1FFB6DE1A54FE8E25 /* MapViewModel.swift in Sources */,
				C768CFA66D7E07064485173C /* NetworkMonitor.swift in Sources */,
				28CEED760DB3C36FC29C60ED /* PhaseIndicatorView.swift in Sources */,
				FB3737835F764AD3A85B61BE /* SalishTidesApp.swift in Sources */,
				086279564982225F48B141F0 /* SettingsView.swift in Sources */,
				CC1DE4A9F7C994DD5459CB22 /* TapeSliderView.swift in Sources */,
				5DB2319BABC9FB829D843F6A /* TideChartView.swift in Sources */,
				9CEBBFBDEB99CD300FC775BF /* TideDatabase.swift in Sources */,
				CD10BDF599A8B4DC91FC583E /* TideStation.swift in Sources */,
				E1217A140CE89A8A73B3C4A6 /* TimelineControlView.swift in Sources */,
				2C6DCF8F97E181783A106DBC /* VectorDatabase.swift in Sources */,
			);
			runOnlyForDeploymentPostprocessing = 0;
		};
/* End PBXSourcesBuildPhase section */

/* Begin XCBuildConfiguration section */
		157BC6C0832647AF17CBD2E7 /* Release */ = {
			isa = XCBuildConfiguration;
			baseConfigurationReference = 57507473C7B77D54DECBB9A0 /* Base.xcconfig */;
			buildSettings = {
				ASSETCATALOG_COMPILER_APPICON_NAME = AppIcon;
				CODE_SIGN_IDENTITY = "iPhone Developer";
				ENABLE_PREVIEWS = YES;
				INFOPLIST_FILE = SalishTides/Info.plist;
				IPHONEOS_DEPLOYMENT_TARGET = 17.0;
				LD_RUNPATH_SEARCH_PATHS = (
					"$(inherited)",
					"@executable_path/Frameworks",
				);
				PRODUCT_BUNDLE_IDENTIFIER = com.bguenther.salishtides;
				SDKROOT = iphoneos;
				SWIFT_COMPILATION_MODE = wholemodule;
				SWIFT_OPTIMIZATION_LEVEL = "-O";
				SWIFT_STRICT_CONCURRENCY = complete;
				SWIFT_VERSION = 6.0;
				TARGETED_DEVICE_FAMILY = "1,2";
			};
			name = Release;
		};
		DDF2BFEA0F0AE17E9D09D654 /* Debug */ = {
			isa = XCBuildConfiguration;
			baseConfigurationReference = 57507473C7B77D54DECBB9A0 /* Base.xcconfig */;
			buildSettings = {
				ASSETCATALOG_COMPILER_APPICON_NAME = AppIcon;
				CODE_SIGN_IDENTITY = "iPhone Developer";
				DEBUG_INFORMATION_FORMAT = dwarf;
				ENABLE_PREVIEWS = YES;
				INFOPLIST_FILE = SalishTides/Info.plist;
				IPHONEOS_DEPLOYMENT_TARGET = 17.0;
				LD_RUNPATH_SEARCH_PATHS = (
					"$(inherited)",
					"@executable_path/Frameworks",
				);
				PRODUCT_BUNDLE_IDENTIFIER = com.bguenther.salishtides;
				SDKROOT = iphoneos;
				SWIFT_STRICT_CONCURRENCY = complete;
				SWIFT_VERSION = 6.0;
				TARGETED_DEVICE_FAMILY = "1,2";
			};
			name = Debug;
		};
		E3C173F28C10AE8C63143BF7 /* Release */ = {
			isa = XCBuildConfiguration;
			buildSettings = {
				ALWAYS_SEARCH_USER_PATHS = NO;
				CLANG_ANALYZER_NONNULL = YES;
				CLANG_ANALYZER_NUMBER_OBJECT_CONVERSION = YES_AGGRESSIVE;
				CLANG_CXX_LANGUAGE_STANDARD = "gnu++14";
				CLANG_CXX_LIBRARY = "libc++";
				CLANG_ENABLE_MODULES = YES;
				CLANG_ENABLE_OBJC_ARC = YES;
				CLANG_ENABLE_OBJC_WEAK = YES;
				CLANG_WARN_BLOCK_CAPTURE_AUTORELEASING = YES;
				CLANG_WARN_BOOL_CONVERSION = YES;
				CLANG_WARN_COMMA = YES;
				CLANG_WARN_CONSTANT_CONVERSION = YES;
				CLANG_WARN_DEPRECATED_OBJC_IMPLEMENTATIONS = YES;
				CLANG_WARN_DIRECT_OBJC_ISA_USAGE = YES_ERROR;
				CLANG_WARN_DOCUMENTATION_COMMENTS = YES;
				CLANG_WARN_EMPTY_BODY = YES;
				CLANG_WARN_ENUM_CONVERSION = YES;
				CLANG_WARN_INFINITE_RECURSION = YES;
				CLANG_WARN_INT_CONVERSION = YES;
				CLANG_WARN_NON_LITERAL_NULL_CONVERSION = YES;
				CLANG_WARN_OBJC_IMPLICIT_RETAIN_SELF = YES;
				CLANG_WARN_OBJC_LITERAL_CONVERSION = YES;
				CLANG_WARN_OBJC_ROOT_CLASS = YES_ERROR;
				CLANG_WARN_QUOTED_INCLUDE_IN_FRAMEWORK_HEADER = YES;
				CLANG_WARN_RANGE_LOOP_ANALYSIS = YES;
				CLANG_WARN_STRICT_PROTOTYPES = YES;
				CLANG_WARN_SUSPICIOUS_MOVE = YES;
				CLANG_WARN_UNGUARDED_AVAILABILITY = YES_AGGRESSIVE;
				CLANG_WARN_UNREACHABLE_CODE = YES;
				CLANG_WARN__DUPLICATE_METHOD_MATCH = YES;
				COPY_PHASE_STRIP = NO;
				DEBUG_INFORMATION_FORMAT = "dwarf-with-dsym";
				ENABLE_NS_ASSERTIONS = NO;
				ENABLE_STRICT_OBJC_MSGSEND = YES;
				GCC_C_LANGUAGE_STANDARD = gnu11;
				GCC_NO_COMMON_BLOCKS = YES;
				GCC_WARN_64_TO_32_BIT_CONVERSION = YES;
				GCC_WARN_ABOUT_RETURN_TYPE = YES_ERROR;
				GCC_WARN_UNDECLARED_SELECTOR = YES;
				GCC_WARN_UNINITIALIZED_AUTOS = YES_AGGRESSIVE;
				GCC_WARN_UNUSED_FUNCTION = YES;
				GCC_WARN_UNUSED_VARIABLE = YES;
				IPHONEOS_DEPLOYMENT_TARGET = 17.0;
				MTL_ENABLE_DEBUG_INFO = NO;
				MTL_FAST_MATH = YES;
				PRODUCT_NAME = "$(TARGET_NAME)";
				SDKROOT = iphoneos;
				SWIFT_COMPILATION_MODE = wholemodule;
				SWIFT_OPTIMIZATION_LEVEL = "-O";
				SWIFT_VERSION = 5.0;
			};
			name = Release;
		};
		E5C884C3AB27BA4796D31028 /* Debug */ = {
			isa = XCBuildConfiguration;
			buildSettings = {
				ALWAYS_SEARCH_USER_PATHS = NO;
				CLANG_ANALYZER_NONNULL = YES;
				CLANG_ANALYZER_NUMBER_OBJECT_CONVERSION = YES_AGGRESSIVE;
				CLANG_CXX_LANGUAGE_STANDARD = "gnu++14";
				CLANG_CXX_LIBRARY = "libc++";
				CLANG_ENABLE_MODULES = YES;
				CLANG_ENABLE_OBJC_ARC = YES;
				CLANG_ENABLE_OBJC_WEAK = YES;
				CLANG_WARN_BLOCK_CAPTURE_AUTORELEASING = YES;
				CLANG_WARN_BOOL_CONVERSION = YES;
				CLANG_WARN_COMMA = YES;
				CLANG_WARN_CONSTANT_CONVERSION = YES;
				CLANG_WARN_DEPRECATED_OBJC_IMPLEMENTATIONS = YES;
				CLANG_WARN_DIRECT_OBJC_ISA_USAGE = YES_ERROR;
				CLANG_WARN_DOCUMENTATION_COMMENTS = YES;
				CLANG_WARN_EMPTY_BODY = YES;
				CLANG_WARN_ENUM_CONVERSION = YES;
				CLANG_WARN_INFINITE_RECURSION = YES;
				CLANG_WARN_INT_CONVERSION = YES;
				CLANG_WARN_NON_LITERAL_NULL_CONVERSION = YES;
				CLANG_WARN_OBJC_IMPLICIT_RETAIN_SELF = YES;
				CLANG_WARN_OBJC_LITERAL_CONVERSION = YES;
				CLANG_WARN_OBJC_ROOT_CLASS = YES_ERROR;
				CLANG_WARN_QUOTED_INCLUDE_IN_FRAMEWORK_HEADER = YES;
				CLANG_WARN_RANGE_LOOP_ANALYSIS = YES;
				CLANG_WARN_STRICT_PROTOTYPES = YES;
				CLANG_WARN_SUSPICIOUS_MOVE = YES;
				CLANG_WARN_UNGUARDED_AVAILABILITY = YES_AGGRESSIVE;
				CLANG_WARN_UNREACHABLE_CODE = YES;
				CLANG_WARN__DUPLICATE_METHOD_MATCH = YES;
				COPY_PHASE_STRIP = NO;
				DEBUG_INFORMATION_FORMAT = dwarf;
				ENABLE_STRICT_OBJC_MSGSEND = YES;
				ENABLE_TESTABILITY = YES;
				GCC_C_LANGUAGE_STANDARD = gnu11;
				GCC_DYNAMIC_NO_PIC = NO;
				GCC_NO_COMMON_BLOCKS = YES;
				GCC_OPTIMIZATION_LEVEL = 0;
				GCC_PREPROCESSOR_DEFINITIONS = (
					"$(inherited)",
					"DEBUG=1",
				);
				GCC_WARN_64_TO_32_BIT_CONVERSION = YES;
				GCC_WARN_ABOUT_RETURN_TYPE = YES_ERROR;
				GCC_WARN_UNDECLARED_SELECTOR = YES;
				GCC_WARN_UNINITIALIZED_AUTOS = YES_AGGRESSIVE;
				GCC_WARN_UNUSED_FUNCTION = YES;
				GCC_WARN_UNUSED_VARIABLE = YES;
				IPHONEOS_DEPLOYMENT_TARGET = 17.0;
				MTL_ENABLE_DEBUG_INFO = INCLUDE_SOURCE;
				MTL_FAST_MATH = YES;
				ONLY_ACTIVE_ARCH = YES;
				PRODUCT_NAME = "$(TARGET_NAME)";
				SDKROOT = iphoneos;
				SWIFT_ACTIVE_COMPILATION_CONDITIONS = DEBUG;
				SWIFT_OPTIMIZATION_LEVEL = "-Onone";
				SWIFT_VERSION = 5.0;
			};
			name = Debug;
		};
/* End XCBuildConfiguration section */

/* Begin XCConfigurationList section */
		35C091A80D4474BB2BB1646A /* Build configuration list for PBXProject "SalishTides" */ = {
			isa = XCConfigurationList;
			buildConfigurations = (
				E5C884C3AB27BA4796D31028 /* Debug */,
				E3C173F28C10AE8C63143BF7 /* Release */,
			);
			defaultConfigurationIsVisible = 0;
			defaultConfigurationName = Debug;
		};
		8575428EF2A78E290EEA9680 /* Build configuration list for PBXNativeTarget "SalishTides" */ = {
			isa = XCConfigurationList;
			buildConfigurations = (
				DDF2BFEA0F0AE17E9D09D654 /* Debug */,
				157BC6C0832647AF17CBD2E7 /* Release */,
			);
			defaultConfigurationIsVisible = 0;
			defaultConfigurationName = Debug;
		};
/* End XCConfigurationList section */

/* Begin XCRemoteSwiftPackageReference section */
		6693D0D8681A53917A378B5F /* XCRemoteSwiftPackageReference "maplibre-gl-native-distribution" */ = {
			isa = XCRemoteSwiftPackageReference;
			repositoryURL = "https://github.com/maplibre/maplibre-gl-native-distribution";
			requirement = {
				kind = upToNextMajorVersion;
				minimumVersion = 6.27.0;
			};
		};
		C7344A304C88DDAC69D5686D /* XCRemoteSwiftPackageReference "GRDB.swift" */ = {
			isa = XCRemoteSwiftPackageReference;
			repositoryURL = "https://github.com/groue/GRDB.swift";
			requirement = {
				kind = upToNextMajorVersion;
				minimumVersion = 7.11.1;
			};
		};
/* End XCRemoteSwiftPackageReference section */

/* Begin XCSwiftPackageProductDependency section */
		42B0127065AEDC608BD0C4A4 /* MapLibre */ = {
			isa = XCSwiftPackageProductDependency;
			package = 6693D0D8681A53917A378B5F /* XCRemoteSwiftPackageReference "maplibre-gl-native-distribution" */;
			productName = MapLibre;
		};
		4C2D431933E482A18FCC18F9 /* GRDB */ = {
			isa = XCSwiftPackageProductDependency;
			package = C7344A304C88DDAC69D5686D /* XCRemoteSwiftPackageReference "GRDB.swift" */;
			productName = GRDB;
		};
/* End XCSwiftPackageProductDependency section */
	};
	rootObject = F4959EB4292F86D3213CE493 /* Project object */;
}
